
Microsoft Visual Studio Solution File, Format Version 12.00
# Visual Studio Version 17
VisualStudioVersion = 17.9.34728.123
MinimumVisualStudioVersion = 10.0.40219.1
Project("{9A19103F-16F7-4668-BE54-9A1E7A4F7556}") = "HelloFarmerWeb.PL", "HelloFarmerWeb\HelloFarmerWeb.PL.csproj", "{69E00103-BA73-4E2D-AF89-ABF37E764BC5}"
EndProject
Project("{FAE04EC0-301F-11D3-BF4B-00C04F79EFBC}") = "HelloFarmerWeb.DAL", "HelloFarmerWeb.DAL\HelloFarmerWeb.DAL.csproj", "{FACE5036-49E6-4DFB-B40C-414E38CF3AF5}"
EndProject
Project("{FAE04EC0-301F-11D3-BF4B-00C04F79EFBC}") = "HelloFarmerWeb.BLL", "HelloFarmerWeb.BLL\HelloFarmerWeb.BLL.csproj", "{E0375347-F1DA-4BA0-A356-21DA6D869CD4}"
EndProject
Global
	GlobalSection(SolutionConfigurationPlatforms) = preSolution
		Debug|Any CPU = Debug|Any CPU
		Release|Any CPU = Release|Any CPU
	EndGlobalSection
	GlobalSection(ProjectConfigurationPlatforms) = postSolution
		{69E00103-BA73-4E2D-AF89-ABF37E764BC5}.Debug|Any CPU.ActiveCfg = Debug|Any CPU
		{69E00103-BA73-4E2D-AF89-ABF37E764BC5}.Debug|Any CPU.Build.0 = Debug|Any CPU
		{69E00103-BA73-4E2D-AF89-ABF37E764BC5}.Release|Any CPU.ActiveCfg = Release|Any CPU
		{69E00103-BA73-4E2D-AF89-ABF37E764BC5}.Release|Any CPU.Build.0 = Release|Any CPU
		{FACE5036-49E6-4DFB-B40C-414E38CF3AF5}.Debug|Any CPU.ActiveCfg = Debug|Any CPU
		{FACE5036-49E6-4DFB-B40C-414E38CF3AF5}.Debug|Any CPU.Build.0 = Debug|Any CPU
		{FACE5036-49E6-4DFB-B40C-414E38CF3AF5}.Release|Any CPU.ActiveCfg = Release|Any CPU
		{FACE5036-49E6-4DFB-B40C-414E38CF3AF5}.Release|Any CPU.Build.0 = Release|Any CPU
		{E0375347-F1DA-4BA0-A356-21DA6D869CD4}.Debug|Any CPU.ActiveCfg = Debug|Any CPU
		{E0375347-F1DA-4BA0-A356-21DA6D869CD4}.Debug|Any CPU.Build.0 = Debug|Any CPU
		{E0375347-F1DA-4BA0-A356-21DA6D869CD4}.Release|Any CPU.ActiveCfg = Release|Any CPU
		{E0375347-F1DA-4BA0-A356-21DA6D869CD4}.Release|Any CPU.Build.0 = Release|Any CPU
	EndGlobalSection
	GlobalSection(SolutionProperties) = preSolution
		HideSolutionNode = FALSE
	EndGlobalSection
	GlobalSection(ExtensibilityGlobals) = postSolution
		SolutionGuid = {DA79A695-AF0C-4CCD-9D8D-36FEC042108F}
	EndGlobalSection
EndGlobal
